
Microsoft Visual Studio Solution File, Format Version 12.00
# Visual Studio 14
VisualStudioVersion = 14.0.25420.1
MinimumVisualStudioVersion = 10.0.40219.1
Project("{FAE04EC0-301F-11D3-BF4B-00C04F79EFBC}") = "Hast.Console", "Hast.Console\Hast.Console.csproj", "{2A58C055-84A1-4B42-9549-1B3EDA597F3D}"
EndProject
Project("{FAE04EC0-301F-11D3-BF4B-00C04F79EFBC}") = "Hast.Transformer", "Hast.Core\Hast.Transformer\Hast.Transformer.csproj", "{55FFEC87-B87B-4BB6-B50D-26560C8F815A}"
EndProject
Project("{FAE04EC0-301F-11D3-BF4B-00C04F79EFBC}") = "Hast.VhdlBuilder", "Hast.Core\Hast.VhdlBuilder\Hast.VhdlBuilder.csproj", "{131E80D3-29BD-496C-BE31-45A329AE3E67}"
EndProject
Project("{2150E333-8FDC-42A3-9474-1A3956D46DE8}") = "Docs", "Docs", "{E8043A55-810D-4760-8390-D0C936EFBD5A}"
	ProjectSection(SolutionItems) = preProject
		Docs\DevelopingHastlayer.md = Docs\DevelopingHastlayer.md
		Docs\GettingStarted.md = Docs\GettingStarted.md
		Readme.md = Readme.md
		Docs\WorkingWithHastlayer.md = Docs\WorkingWithHastlayer.md
	EndProjectSection
EndProject
Project("{2150E333-8FDC-42A3-9474-1A3956D46DE8}") = "Samples", "Samples", "{765A6EB0-438E-422C-ACDD-13544EFE6467}"
EndProject
Project("{FAE04EC0-301F-11D3-BF4B-00C04F79EFBC}") = "Hast.Samples.SampleAssembly", "Samples\Hast.Samples.SampleAssembly\Hast.Samples.SampleAssembly.csproj", "{CB4A8CF6-7DD4-4493-B5CD-E5E51EE5C73B}"
EndProject
Project("{FAE04EC0-301F-11D3-BF4B-00C04F79EFBC}") = "Hast.Samples.Consumer", "Samples\Hast.Samples.Consumer\Hast.Samples.Consumer.csproj", "{7249D1E5-ABEC-40BB-9238-5E54AB0E1E94}"
EndProject
Project("{FAE04EC0-301F-11D3-BF4B-00C04F79EFBC}") = "Hast.Layer", "Hast.Layer\Hast.Layer.csproj", "{0D77AFBA-1B4D-4083-B35C-3309251039B7}"
EndProject
Project("{2150E333-8FDC-42A3-9474-1A3956D46DE8}") = "Orchard", "Orchard", "{9E6F94FB-65DD-4AC1-AAB9-C2AAF5C9CC47}"
EndProject
Project("{FAE04EC0-301F-11D3-BF4B-00C04F79EFBC}") = "Orchard.Framework", "Orchard\src\Orchard\Orchard.Framework.csproj", "{2D1D92BB-4555-4CBE-8D0E-63563D6CE4C6}"
EndProject
Project("{FAE04EC0-301F-11D3-BF4B-00C04F79EFBC}") = "Lombiq.OrchardAppHost", "Lombiq.OrchardAppHost\Lombiq.OrchardAppHost.csproj", "{3E852853-2D19-49BB-B6C9-39B01D6E9785}"
EndProject
Project("{FAE04EC0-301F-11D3-BF4B-00C04F79EFBC}") = "Hast.Common", "Hast.Common\Hast.Common.csproj", "{6EE5898A-E450-4A1D-80AF-AD27A8BD5E69}"
EndProject
Project("{FAE04EC0-301F-11D3-BF4B-00C04F79EFBC}") = "Hast.Communication", "Hast.Communication\Hast.Communication.csproj", "{71B55241-A31C-43F5-9B46-40B53099DF56}"
EndProject
Project("{FAE04EC0-301F-11D3-BF4B-00C04F79EFBC}") = "Hast.Synthesis", "Hast.Core\Hast.Synthesis\Hast.Synthesis.csproj", "{040554F7-5565-4D82-8AAB-CDCD745CA822}"
EndProject
Project("{2150E333-8FDC-42A3-9474-1A3956D46DE8}") = "Drivers", "Drivers", "{51A02816-8D25-480F-9D28-EC7D05DC3F63}"
EndProject
Project("{FAE04EC0-301F-11D3-BF4B-00C04F79EFBC}") = "Hast.Xilinx", "Hast.Core\Hast.Xilinx\Hast.Xilinx.csproj", "{02BE2213-F0E5-4107-BEA4-AE396525A644}"
EndProject
Project("{2150E333-8FDC-42A3-9474-1A3956D46DE8}") = "Tests", "Tests", "{701D5B71-9A6F-47A4-A3C2-3714AF8B4115}"
EndProject
Project("{FAE04EC0-301F-11D3-BF4B-00C04F79EFBC}") = "Hast.Transformer.Vhdl", "Hast.Core\Hast.Transformer.Vhdl\Hast.Transformer.Vhdl.csproj", "{25810814-29C8-4B60-BC96-04B72F70E6B7}"
EndProject
Project("{FAE04EC0-301F-11D3-BF4B-00C04F79EFBC}") = "Hast.Transformer.Vhdl.Tests", "Hast.Core\Hast.Transformer.Vhdl\Hast.Transformer.Vhdl.Tests\Hast.Transformer.Vhdl.Tests.csproj", "{5B56676E-75E4-4D10-9DB4-AC446BD597CE}"
EndProject
Project("{FAE04EC0-301F-11D3-BF4B-00C04F79EFBC}") = "Orchard.Framework.Tests", "Orchard\src\Orchard.Tests\Orchard.Framework.Tests.csproj", "{ABC826D4-2FA1-4F2F-87DE-E6095F653810}"
EndProject
Project("{FAE04EC0-301F-11D3-BF4B-00C04F79EFBC}") = "Orchard.Core", "Orchard\src\Orchard.Web\Core\Orchard.Core.csproj", "{9916839C-39FC-4CEB-A5AF-89CA7E87119F}"
EndProject
Project("{FAE04EC0-301F-11D3-BF4B-00C04F79EFBC}") = "Hast.Transformer.Tests", "Hast.Core\Hast.Transformer\Hast.Transformer.Tests\Hast.Transformer.Tests.csproj", "{DA432B51-28D1-4D5E-9A3A-59127C809C5D}"
EndProject
Project("{FAE04EC0-301F-11D3-BF4B-00C04F79EFBC}") = "Hast.Samples.Demo", "Samples\Hast.Samples.Demo\Hast.Samples.Demo.csproj", "{CBAC105A-E50F-4202-A647-CFD674E6C0F8}"
EndProject
Project("{2150E333-8FDC-42A3-9474-1A3956D46DE8}") = "TestInputAssemblies", "TestInputAssemblies", "{A5CA6F21-24E8-4EFE-A870-5CF8234AD56F}"
EndProject
Project("{2150E333-8FDC-42A3-9474-1A3956D46DE8}") = "ClassStructureExamples", "ClassStructureExamples", "{AACAF8B3-24DC-488D-AF5D-AD035747ECEB}"
EndProject
Project("{FAE04EC0-301F-11D3-BF4B-00C04F79EFBC}") = "Hast.TestInputs.ClassStructure1", "Hast.Core\Hast.TestInputs.ClassStructure1\Hast.TestInputs.ClassStructure1.csproj", "{76651174-9A95-4711-9891-5173F95E7277}"
EndProject
Project("{FAE04EC0-301F-11D3-BF4B-00C04F79EFBC}") = "Hast.TestInputs.ClassStructure2", "Hast.Core\Hast.TestInputs.ClassStructure2\Hast.TestInputs.ClassStructure2.csproj", "{F2D3C071-F051-414F-BAAB-DC750E61C3C9}"
EndProject
Project("{FAE04EC0-301F-11D3-BF4B-00C04F79EFBC}") = "Hast.TestInputs.Various", "Hast.Core\Hast.TestInputs.Various\Hast.TestInputs.Various.csproj", "{7D8AE520-75D5-4BFC-B617-7FEEA7B1983C}"
EndProject
Project("{FAE04EC0-301F-11D3-BF4B-00C04F79EFBC}") = "Hast.TestInputs.Invalid", "Hast.Core\Hast.TestInputs.Invalid\Hast.TestInputs.Invalid.csproj", "{BB94F93A-F607-4A19-8127-7C8D333F8131}"
EndProject
Project("{2150E333-8FDC-42A3-9474-1A3956D46DE8}") = "Core", "Core", "{B61218C3-CA60-4263-B6E3-C37AF87DA820}"
EndProject
Project("{2150E333-8FDC-42A3-9474-1A3956D46DE8}") = "Abstractions", "Abstractions", "{D7193B9D-DDDA-49ED-9503-C63F1206FA2E}"
EndProject
Project("{FAE04EC0-301F-11D3-BF4B-00C04F79EFBC}") = "Hast.Transformer.Vhdl.Abstractions", "Hast.Abstractions\Hast.Transformer.Vhdl.Abstractions\Hast.Transformer.Vhdl.Abstractions.csproj", "{0D13986F-FA33-4898-A0DE-C173764663F0}"
EndProject
Project("{FAE04EC0-301F-11D3-BF4B-00C04F79EFBC}") = "Hast.Transformer.Abstractions", "Hast.Abstractions\Hast.Transformer.Abstractions\Hast.Transformer.Abstractions.csproj", "{9DEE53C2-83AC-4048-ADAB-2993FAFFE4EA}"
EndProject
Project("{FAE04EC0-301F-11D3-BF4B-00C04F79EFBC}") = "Hast.Synthesis.Abstractions", "Hast.Abstractions\Hast.Synthesis.Abstractions\Hast.Synthesis.Abstractions.csproj", "{1D1EC796-DFF6-4EC7-B749-62B89D1DEA92}"
EndProject
Project("{FAE04EC0-301F-11D3-BF4B-00C04F79EFBC}") = "Hast.Remote.Client", "Hast.Remote.Client\Hast.Remote.Client.csproj", "{86D47BE0-994E-48BA-B68C-1F0BCAB67F02}"
EndProject
Project("{FAE04EC0-301F-11D3-BF4B-00C04F79EFBC}") = "Hast.Remote.Bridge", "Hast.Remote.Bridge\Hast.Remote.Bridge.csproj", "{A9D9FEC6-20CE-48F5-9D94-1919B2B0ACE2}"
EndProject
Project("{FAE04EC0-301F-11D3-BF4B-00C04F79EFBC}") = "Hast.Xilinx.Abstractions", "Hast.Abstractions\Hast.Xilinx.Abstractions\Hast.Xilinx.Abstractions.csproj", "{3F637E57-95A4-4B3D-9056-FFED38F1A1F2}"
EndProject
Project("{2150E333-8FDC-42A3-9474-1A3956D46DE8}") = "Drivers", "Drivers", "{B88EC5D8-5D8A-4C87-81B3-F4F8C7FB2BF8}"
EndProject
Project("{FAE04EC0-301F-11D3-BF4B-00C04F79EFBC}") = "Hast.Remote.Worker", "Hast.Core\Hast.Remote.Worker\Hast.Remote.Worker.csproj", "{A9D91F5C-4BE0-4693-8E73-04BD96B044CE}"
EndProject
Project("{FAE04EC0-301F-11D3-BF4B-00C04F79EFBC}") = "Hast.Remote.Worker.Console", "Hast.Core\Hast.Remote.Worker.Console\Hast.Remote.Worker.Console.csproj", "{1F634A84-040D-42A0-B12A-8F9CD0038189}"
EndProject
Project("{FAE04EC0-301F-11D3-BF4B-00C04F79EFBC}") = "Hast.Remote.Worker.Daemon", "Hast.Core\Hast.Remote.Worker.Daemon\Hast.Remote.Worker.Daemon.csproj", "{9AB5BFDC-72D9-4DC3-BDFE-493CC536E011}"
EndProject
Global
	GlobalSection(SolutionConfigurationPlatforms) = preSolution
		Debug|Any CPU = Debug|Any CPU
		Release|Any CPU = Release|Any CPU
	EndGlobalSection
	GlobalSection(ProjectConfigurationPlatforms) = postSolution
		{2A58C055-84A1-4B42-9549-1B3EDA597F3D}.Debug|Any CPU.ActiveCfg = Debug|Any CPU
		{2A58C055-84A1-4B42-9549-1B3EDA597F3D}.Debug|Any CPU.Build.0 = Debug|Any CPU
		{2A58C055-84A1-4B42-9549-1B3EDA597F3D}.Release|Any CPU.ActiveCfg = Release|Any CPU
		{2A58C055-84A1-4B42-9549-1B3EDA597F3D}.Release|Any CPU.Build.0 = Release|Any CPU
		{55FFEC87-B87B-4BB6-B50D-26560C8F815A}.Debug|Any CPU.ActiveCfg = Debug|Any CPU
		{55FFEC87-B87B-4BB6-B50D-26560C8F815A}.Debug|Any CPU.Build.0 = Debug|Any CPU
		{55FFEC87-B87B-4BB6-B50D-26560C8F815A}.Release|Any CPU.ActiveCfg = Release|Any CPU
		{55FFEC87-B87B-4BB6-B50D-26560C8F815A}.Release|Any CPU.Build.0 = Release|Any CPU
		{131E80D3-29BD-496C-BE31-45A329AE3E67}.Debug|Any CPU.ActiveCfg = Debug|Any CPU
		{131E80D3-29BD-496C-BE31-45A329AE3E67}.Debug|Any CPU.Build.0 = Debug|Any CPU
		{131E80D3-29BD-496C-BE31-45A329AE3E67}.Release|Any CPU.ActiveCfg = Release|Any CPU
		{131E80D3-29BD-496C-BE31-45A329AE3E67}.Release|Any CPU.Build.0 = Release|Any CPU
		{CB4A8CF6-7DD4-4493-B5CD-E5E51EE5C73B}.Debug|Any CPU.ActiveCfg = Debug|Any CPU
		{CB4A8CF6-7DD4-4493-B5CD-E5E51EE5C73B}.Debug|Any CPU.Build.0 = Debug|Any CPU
		{CB4A8CF6-7DD4-4493-B5CD-E5E51EE5C73B}.Release|Any CPU.ActiveCfg = Release|Any CPU
		{CB4A8CF6-7DD4-4493-B5CD-E5E51EE5C73B}.Release|Any CPU.Build.0 = Release|Any CPU
		{7249D1E5-ABEC-40BB-9238-5E54AB0E1E94}.Debug|Any CPU.ActiveCfg = Debug|Any CPU
		{7249D1E5-ABEC-40BB-9238-5E54AB0E1E94}.Debug|Any CPU.Build.0 = Debug|Any CPU
		{7249D1E5-ABEC-40BB-9238-5E54AB0E1E94}.Release|Any CPU.ActiveCfg = Release|Any CPU
		{7249D1E5-ABEC-40BB-9238-5E54AB0E1E94}.Release|Any CPU.Build.0 = Release|Any CPU
		{0D77AFBA-1B4D-4083-B35C-3309251039B7}.Debug|Any CPU.ActiveCfg = Debug|Any CPU
		{0D77AFBA-1B4D-4083-B35C-3309251039B7}.Debug|Any CPU.Build.0 = Debug|Any CPU
		{0D77AFBA-1B4D-4083-B35C-3309251039B7}.Release|Any CPU.ActiveCfg = Release|Any CPU
		{0D77AFBA-1B4D-4083-B35C-3309251039B7}.Release|Any CPU.Build.0 = Release|Any CPU
		{2D1D92BB-4555-4CBE-8D0E-63563D6CE4C6}.Debug|Any CPU.ActiveCfg = Debug|Any CPU
		{2D1D92BB-4555-4CBE-8D0E-63563D6CE4C6}.Debug|Any CPU.Build.0 = Debug|Any CPU
		{2D1D92BB-4555-4CBE-8D0E-63563D6CE4C6}.Release|Any CPU.ActiveCfg = Release|Any CPU
		{2D1D92BB-4555-4CBE-8D0E-63563D6CE4C6}.Release|Any CPU.Build.0 = Release|Any CPU
		{3E852853-2D19-49BB-B6C9-39B01D6E9785}.Debug|Any CPU.ActiveCfg = Debug|Any CPU
		{3E852853-2D19-49BB-B6C9-39B01D6E9785}.Debug|Any CPU.Build.0 = Debug|Any CPU
		{3E852853-2D19-49BB-B6C9-39B01D6E9785}.Release|Any CPU.ActiveCfg = Release|Any CPU
		{3E852853-2D19-49BB-B6C9-39B01D6E9785}.Release|Any CPU.Build.0 = Release|Any CPU
		{6EE5898A-E450-4A1D-80AF-AD27A8BD5E69}.Debug|Any CPU.ActiveCfg = Debug|Any CPU
		{6EE5898A-E450-4A1D-80AF-AD27A8BD5E69}.Debug|Any CPU.Build.0 = Debug|Any CPU
		{6EE5898A-E450-4A1D-80AF-AD27A8BD5E69}.Release|Any CPU.ActiveCfg = Release|Any CPU
		{6EE5898A-E450-4A1D-80AF-AD27A8BD5E69}.Release|Any CPU.Build.0 = Release|Any CPU
		{71B55241-A31C-43F5-9B46-40B53099DF56}.Debug|Any CPU.ActiveCfg = Debug|Any CPU
		{71B55241-A31C-43F5-9B46-40B53099DF56}.Debug|Any CPU.Build.0 = Debug|Any CPU
		{71B55241-A31C-43F5-9B46-40B53099DF56}.Release|Any CPU.ActiveCfg = Release|Any CPU
		{71B55241-A31C-43F5-9B46-40B53099DF56}.Release|Any CPU.Build.0 = Release|Any CPU
		{040554F7-5565-4D82-8AAB-CDCD745CA822}.Debug|Any CPU.ActiveCfg = Debug|Any CPU
		{040554F7-5565-4D82-8AAB-CDCD745CA822}.Debug|Any CPU.Build.0 = Debug|Any CPU
		{040554F7-5565-4D82-8AAB-CDCD745CA822}.Release|Any CPU.ActiveCfg = Release|Any CPU
		{040554F7-5565-4D82-8AAB-CDCD745CA822}.Release|Any CPU.Build.0 = Release|Any CPU
		{02BE2213-F0E5-4107-BEA4-AE396525A644}.Debug|Any CPU.ActiveCfg = Debug|Any CPU
		{02BE2213-F0E5-4107-BEA4-AE396525A644}.Debug|Any CPU.Build.0 = Debug|Any CPU
		{02BE2213-F0E5-4107-BEA4-AE396525A644}.Release|Any CPU.ActiveCfg = Release|Any CPU
		{02BE2213-F0E5-4107-BEA4-AE396525A644}.Release|Any CPU.Build.0 = Release|Any CPU
		{25810814-29C8-4B60-BC96-04B72F70E6B7}.Debug|Any CPU.ActiveCfg = Debug|Any CPU
		{25810814-29C8-4B60-BC96-04B72F70E6B7}.Debug|Any CPU.Build.0 = Debug|Any CPU
		{25810814-29C8-4B60-BC96-04B72F70E6B7}.Release|Any CPU.ActiveCfg = Release|Any CPU
		{25810814-29C8-4B60-BC96-04B72F70E6B7}.Release|Any CPU.Build.0 = Release|Any CPU
		{5B56676E-75E4-4D10-9DB4-AC446BD597CE}.Debug|Any CPU.ActiveCfg = Debug|Any CPU
		{5B56676E-75E4-4D10-9DB4-AC446BD597CE}.Debug|Any CPU.Build.0 = Debug|Any CPU
		{5B56676E-75E4-4D10-9DB4-AC446BD597CE}.Release|Any CPU.ActiveCfg = Release|Any CPU
		{5B56676E-75E4-4D10-9DB4-AC446BD597CE}.Release|Any CPU.Build.0 = Release|Any CPU
		{ABC826D4-2FA1-4F2F-87DE-E6095F653810}.Debug|Any CPU.ActiveCfg = Debug|Any CPU
		{ABC826D4-2FA1-4F2F-87DE-E6095F653810}.Debug|Any CPU.Build.0 = Debug|Any CPU
		{ABC826D4-2FA1-4F2F-87DE-E6095F653810}.Release|Any CPU.ActiveCfg = Release|Any CPU
		{ABC826D4-2FA1-4F2F-87DE-E6095F653810}.Release|Any CPU.Build.0 = Release|Any CPU
		{9916839C-39FC-4CEB-A5AF-89CA7E87119F}.Debug|Any CPU.ActiveCfg = Debug|Any CPU
		{9916839C-39FC-4CEB-A5AF-89CA7E87119F}.Debug|Any CPU.Build.0 = Debug|Any CPU
		{9916839C-39FC-4CEB-A5AF-89CA7E87119F}.Release|Any CPU.ActiveCfg = Release|Any CPU
		{9916839C-39FC-4CEB-A5AF-89CA7E87119F}.Release|Any CPU.Build.0 = Release|Any CPU
		{DA432B51-28D1-4D5E-9A3A-59127C809C5D}.Debug|Any CPU.ActiveCfg = Debug|Any CPU
		{DA432B51-28D1-4D5E-9A3A-59127C809C5D}.Debug|Any CPU.Build.0 = Debug|Any CPU
		{DA432B51-28D1-4D5E-9A3A-59127C809C5D}.Release|Any CPU.ActiveCfg = Release|Any CPU
		{DA432B51-28D1-4D5E-9A3A-59127C809C5D}.Release|Any CPU.Build.0 = Release|Any CPU
		{CBAC105A-E50F-4202-A647-CFD674E6C0F8}.Debug|Any CPU.ActiveCfg = Debug|Any CPU
		{CBAC105A-E50F-4202-A647-CFD674E6C0F8}.Debug|Any CPU.Build.0 = Debug|Any CPU
		{CBAC105A-E50F-4202-A647-CFD674E6C0F8}.Release|Any CPU.ActiveCfg = Release|Any CPU
		{CBAC105A-E50F-4202-A647-CFD674E6C0F8}.Release|Any CPU.Build.0 = Release|Any CPU
		{76651174-9A95-4711-9891-5173F95E7277}.Debug|Any CPU.ActiveCfg = Debug|Any CPU
		{76651174-9A95-4711-9891-5173F95E7277}.Debug|Any CPU.Build.0 = Debug|Any CPU
		{76651174-9A95-4711-9891-5173F95E7277}.Release|Any CPU.ActiveCfg = Release|Any CPU
		{76651174-9A95-4711-9891-5173F95E7277}.Release|Any CPU.Build.0 = Release|Any CPU
		{F2D3C071-F051-414F-BAAB-DC750E61C3C9}.Debug|Any CPU.ActiveCfg = Debug|Any CPU
		{F2D3C071-F051-414F-BAAB-DC750E61C3C9}.Debug|Any CPU.Build.0 = Debug|Any CPU
		{F2D3C071-F051-414F-BAAB-DC750E61C3C9}.Release|Any CPU.ActiveCfg = Release|Any CPU
		{F2D3C071-F051-414F-BAAB-DC750E61C3C9}.Release|Any CPU.Build.0 = Release|Any CPU
		{7D8AE520-75D5-4BFC-B617-7FEEA7B1983C}.Debug|Any CPU.ActiveCfg = Debug|Any CPU
		{7D8AE520-75D5-4BFC-B617-7FEEA7B1983C}.Debug|Any CPU.Build.0 = Debug|Any CPU
		{7D8AE520-75D5-4BFC-B617-7FEEA7B1983C}.Release|Any CPU.ActiveCfg = Release|Any CPU
		{7D8AE520-75D5-4BFC-B617-7FEEA7B1983C}.Release|Any CPU.Build.0 = Release|Any CPU
		{BB94F93A-F607-4A19-8127-7C8D333F8131}.Debug|Any CPU.ActiveCfg = Debug|Any CPU
		{BB94F93A-F607-4A19-8127-7C8D333F8131}.Debug|Any CPU.Build.0 = Debug|Any CPU
		{BB94F93A-F607-4A19-8127-7C8D333F8131}.Release|Any CPU.ActiveCfg = Release|Any CPU
		{BB94F93A-F607-4A19-8127-7C8D333F8131}.Release|Any CPU.Build.0 = Release|Any CPU
		{0D13986F-FA33-4898-A0DE-C173764663F0}.Debug|Any CPU.ActiveCfg = Debug|Any CPU
		{0D13986F-FA33-4898-A0DE-C173764663F0}.Debug|Any CPU.Build.0 = Debug|Any CPU
		{0D13986F-FA33-4898-A0DE-C173764663F0}.Release|Any CPU.ActiveCfg = Release|Any CPU
		{0D13986F-FA33-4898-A0DE-C173764663F0}.Release|Any CPU.Build.0 = Release|Any CPU
		{9DEE53C2-83AC-4048-ADAB-2993FAFFE4EA}.Debug|Any CPU.ActiveCfg = Debug|Any CPU
		{9DEE53C2-83AC-4048-ADAB-2993FAFFE4EA}.Debug|Any CPU.Build.0 = Debug|Any CPU
		{9DEE53C2-83AC-4048-ADAB-2993FAFFE4EA}.Release|Any CPU.ActiveCfg = Release|Any CPU
		{9DEE53C2-83AC-4048-ADAB-2993FAFFE4EA}.Release|Any CPU.Build.0 = Release|Any CPU
		{1D1EC796-DFF6-4EC7-B749-62B89D1DEA92}.Debug|Any CPU.ActiveCfg = Debug|Any CPU
		{1D1EC796-DFF6-4EC7-B749-62B89D1DEA92}.Debug|Any CPU.Build.0 = Debug|Any CPU
		{1D1EC796-DFF6-4EC7-B749-62B89D1DEA92}.Release|Any CPU.ActiveCfg = Release|Any CPU
		{1D1EC796-DFF6-4EC7-B749-62B89D1DEA92}.Release|Any CPU.Build.0 = Release|Any CPU
		{86D47BE0-994E-48BA-B68C-1F0BCAB67F02}.Debug|Any CPU.ActiveCfg = Debug|Any CPU
		{86D47BE0-994E-48BA-B68C-1F0BCAB67F02}.Debug|Any CPU.Build.0 = Debug|Any CPU
		{86D47BE0-994E-48BA-B68C-1F0BCAB67F02}.Release|Any CPU.ActiveCfg = Release|Any CPU
		{86D47BE0-994E-48BA-B68C-1F0BCAB67F02}.Release|Any CPU.Build.0 = Release|Any CPU
		{A9D9FEC6-20CE-48F5-9D94-1919B2B0ACE2}.Debug|Any CPU.ActiveCfg = Debug|Any CPU
		{A9D9FEC6-20CE-48F5-9D94-1919B2B0ACE2}.Debug|Any CPU.Build.0 = Debug|Any CPU
		{A9D9FEC6-20CE-48F5-9D94-1919B2B0ACE2}.Release|Any CPU.ActiveCfg = Release|Any CPU
		{A9D9FEC6-20CE-48F5-9D94-1919B2B0ACE2}.Release|Any CPU.Build.0 = Release|Any CPU
		{3F637E57-95A4-4B3D-9056-FFED38F1A1F2}.Debug|Any CPU.ActiveCfg = Debug|Any CPU
		{3F637E57-95A4-4B3D-9056-FFED38F1A1F2}.Debug|Any CPU.Build.0 = Debug|Any CPU
		{3F637E57-95A4-4B3D-9056-FFED38F1A1F2}.Release|Any CPU.ActiveCfg = Release|Any CPU
		{3F637E57-95A4-4B3D-9056-FFED38F1A1F2}.Release|Any CPU.Build.0 = Release|Any CPU
		{A9D91F5C-4BE0-4693-8E73-04BD96B044CE}.Debug|Any CPU.ActiveCfg = Debug|Any CPU
		{A9D91F5C-4BE0-4693-8E73-04BD96B044CE}.Debug|Any CPU.Build.0 = Debug|Any CPU
		{A9D91F5C-4BE0-4693-8E73-04BD96B044CE}.Release|Any CPU.ActiveCfg = Release|Any CPU
		{A9D91F5C-4BE0-4693-8E73-04BD96B044CE}.Release|Any CPU.Build.0 = Release|Any CPU
		{1F634A84-040D-42A0-B12A-8F9CD0038189}.Debug|Any CPU.ActiveCfg = Debug|Any CPU
		{1F634A84-040D-42A0-B12A-8F9CD0038189}.Debug|Any CPU.Build.0 = Debug|Any CPU
		{1F634A84-040D-42A0-B12A-8F9CD0038189}.Release|Any CPU.ActiveCfg = Release|Any CPU
		{1F634A84-040D-42A0-B12A-8F9CD0038189}.Release|Any CPU.Build.0 = Release|Any CPU
		{9AB5BFDC-72D9-4DC3-BDFE-493CC536E011}.Debug|Any CPU.ActiveCfg = Debug|Any CPU
		{9AB5BFDC-72D9-4DC3-BDFE-493CC536E011}.Debug|Any CPU.Build.0 = Debug|Any CPU
		{9AB5BFDC-72D9-4DC3-BDFE-493CC536E011}.Release|Any CPU.ActiveCfg = Release|Any CPU
		{9AB5BFDC-72D9-4DC3-BDFE-493CC536E011}.Release|Any CPU.Build.0 = Release|Any CPU
	EndGlobalSection
	GlobalSection(SolutionProperties) = preSolution
		HideSolutionNode = FALSE
	EndGlobalSection
	GlobalSection(NestedProjects) = preSolution
		{55FFEC87-B87B-4BB6-B50D-26560C8F815A} = {B61218C3-CA60-4263-B6E3-C37AF87DA820}
		{131E80D3-29BD-496C-BE31-45A329AE3E67} = {B61218C3-CA60-4263-B6E3-C37AF87DA820}
		{CB4A8CF6-7DD4-4493-B5CD-E5E51EE5C73B} = {765A6EB0-438E-422C-ACDD-13544EFE6467}
		{7249D1E5-ABEC-40BB-9238-5E54AB0E1E94} = {765A6EB0-438E-422C-ACDD-13544EFE6467}
		{2D1D92BB-4555-4CBE-8D0E-63563D6CE4C6} = {9E6F94FB-65DD-4AC1-AAB9-C2AAF5C9CC47}
		{3E852853-2D19-49BB-B6C9-39B01D6E9785} = {9E6F94FB-65DD-4AC1-AAB9-C2AAF5C9CC47}
		{040554F7-5565-4D82-8AAB-CDCD745CA822} = {B61218C3-CA60-4263-B6E3-C37AF87DA820}
		{51A02816-8D25-480F-9D28-EC7D05DC3F63} = {B61218C3-CA60-4263-B6E3-C37AF87DA820}
		{02BE2213-F0E5-4107-BEA4-AE396525A644} = {51A02816-8D25-480F-9D28-EC7D05DC3F63}
		{701D5B71-9A6F-47A4-A3C2-3714AF8B4115} = {B61218C3-CA60-4263-B6E3-C37AF87DA820}
		{25810814-29C8-4B60-BC96-04B72F70E6B7} = {B61218C3-CA60-4263-B6E3-C37AF87DA820}
		{5B56676E-75E4-4D10-9DB4-AC446BD597CE} = {701D5B71-9A6F-47A4-A3C2-3714AF8B4115}
		{ABC826D4-2FA1-4F2F-87DE-E6095F653810} = {701D5B71-9A6F-47A4-A3C2-3714AF8B4115}
		{9916839C-39FC-4CEB-A5AF-89CA7E87119F} = {9E6F94FB-65DD-4AC1-AAB9-C2AAF5C9CC47}
		{DA432B51-28D1-4D5E-9A3A-59127C809C5D} = {701D5B71-9A6F-47A4-A3C2-3714AF8B4115}
		{CBAC105A-E50F-4202-A647-CFD674E6C0F8} = {765A6EB0-438E-422C-ACDD-13544EFE6467}
		{A5CA6F21-24E8-4EFE-A870-5CF8234AD56F} = {701D5B71-9A6F-47A4-A3C2-3714AF8B4115}
		{AACAF8B3-24DC-488D-AF5D-AD035747ECEB} = {A5CA6F21-24E8-4EFE-A870-5CF8234AD56F}
		{76651174-9A95-4711-9891-5173F95E7277} = {AACAF8B3-24DC-488D-AF5D-AD035747ECEB}
		{F2D3C071-F051-414F-BAAB-DC750E61C3C9} = {AACAF8B3-24DC-488D-AF5D-AD035747ECEB}
		{7D8AE520-75D5-4BFC-B617-7FEEA7B1983C} = {A5CA6F21-24E8-4EFE-A870-5CF8234AD56F}
		{BB94F93A-F607-4A19-8127-7C8D333F8131} = {A5CA6F21-24E8-4EFE-A870-5CF8234AD56F}
		{0D13986F-FA33-4898-A0DE-C173764663F0} = {D7193B9D-DDDA-49ED-9503-C63F1206FA2E}
		{9DEE53C2-83AC-4048-ADAB-2993FAFFE4EA} = {D7193B9D-DDDA-49ED-9503-C63F1206FA2E}
		{1D1EC796-DFF6-4EC7-B749-62B89D1DEA92} = {D7193B9D-DDDA-49ED-9503-C63F1206FA2E}
		{3F637E57-95A4-4B3D-9056-FFED38F1A1F2} = {B88EC5D8-5D8A-4C87-81B3-F4F8C7FB2BF8}
		{B88EC5D8-5D8A-4C87-81B3-F4F8C7FB2BF8} = {D7193B9D-DDDA-49ED-9503-C63F1206FA2E}
		{A9D91F5C-4BE0-4693-8E73-04BD96B044CE} = {B61218C3-CA60-4263-B6E3-C37AF87DA820}
		{1F634A84-040D-42A0-B12A-8F9CD0038189} = {B61218C3-CA60-4263-B6E3-C37AF87DA820}
		{9AB5BFDC-72D9-4DC3-BDFE-493CC536E011} = {B61218C3-CA60-4263-B6E3-C37AF87DA820}
	EndGlobalSection
EndGlobal
