
Microsoft Visual Studio Solution File, Format Version 12.00
# Visual Studio Version 17
VisualStudioVersion = 17.5.33627.172
MinimumVisualStudioVersion = 10.0.40219.1
Project("{9A19103F-16F7-4668-BE54-9A1E7A4F7556}") = "Hastlayer.SDK.NuGet.Console", "Hastlayer.SDK.NuGet.Console\Hastlayer.SDK.NuGet.Console.csproj", "{B4127269-5C48-407D-8047-D52ACC457E9A}"
EndProject
Project("{2150E333-8FDC-42A3-9474-1A3956D46DE8}") = "Solution Items", "Solution Items", "{9012F5F2-D129-48A6-8FAF-4AF319B022A3}"
	ProjectSection(SolutionItems) = preProject
		Directory.Build.props = Directory.Build.props
		NuGet.config = NuGet.config
	EndProjectSection
EndProject
Project("{9A19103F-16F7-4668-BE54-9A1E7A4F7556}") = "Hast.Samples.SampleAssembly", "..\src\Samples\Hast.Samples.SampleAssembly\Hast.Samples.SampleAssembly.csproj", "{6E16C5A3-AB10-4655-9736-CB39B48C05E5}"
EndProject
Global
	GlobalSection(SolutionConfigurationPlatforms) = preSolution
		Debug|Any CPU = Debug|Any CPU
		Release|Any CPU = Release|Any CPU
	EndGlobalSection
	GlobalSection(ProjectConfigurationPlatforms) = postSolution
		{B4127269-5C48-407D-8047-D52ACC457E9A}.Debug|Any CPU.ActiveCfg = Debug|Any CPU
		{B4127269-5C48-407D-8047-D52ACC457E9A}.Debug|Any CPU.Build.0 = Debug|Any CPU
		{B4127269-5C48-407D-8047-D52ACC457E9A}.Release|Any CPU.ActiveCfg = Release|Any CPU
		{B4127269-5C48-407D-8047-D52ACC457E9A}.Release|Any CPU.Build.0 = Release|Any CPU
		{6E16C5A3-AB10-4655-9736-CB39B48C05E5}.Debug|Any CPU.ActiveCfg = Debug|Any CPU
		{6E16C5A3-AB10-4655-9736-CB39B48C05E5}.Debug|Any CPU.Build.0 = Debug|Any CPU
		{6E16C5A3-AB10-4655-9736-CB39B48C05E5}.Release|Any CPU.ActiveCfg = Release|Any CPU
		{6E16C5A3-AB10-4655-9736-CB39B48C05E5}.Release|Any CPU.Build.0 = Release|Any CPU
	EndGlobalSection
	GlobalSection(SolutionProperties) = preSolution
		HideSolutionNode = FALSE
	EndGlobalSection
	GlobalSection(ExtensibilityGlobals) = postSolution
		SolutionGuid = {EC54F469-B866-4FFC-95BA-AF962A91441A}
	EndGlobalSection
EndGlobal
